
Microsoft Visual Studio Solution File, Format Version 12.00
# Visual Studio 14
VisualStudioVersion = 14.0.25123.0
MinimumVisualStudioVersion = 10.0.40219.1
Project("{FAE04EC0-301F-11D3-BF4B-00C04F79EFBC}") = "03_1", "03\03_1.csproj", "{78FE7777-0431-4C89-A49E-D6B01C9FD36D}"
EndProject
Project("{FAE04EC0-301F-11D3-BF4B-00C04F79EFBC}") = "03_2", "03_2\03_2.csproj", "{4A9D0EFB-E435-4186-8605-256EFD757452}"
EndProject
Project("{FAE04EC0-301F-11D3-BF4B-00C04F79EFBC}") = "03_5", "03_5\03_5.csproj", "{380760F5-3A6F-4EB0-9474-2FFA8A1A22C2}"
EndProject
Project("{FAE04EC0-301F-11D3-BF4B-00C04F79EFBC}") = "7.1", "7.1\7.1.csproj", "{C922A469-C1C9-4307-81D9-F9EFF39351D7}"
EndProject
Project("{FAE04EC0-301F-11D3-BF4B-00C04F79EFBC}") = "7.2", "7.2\7.2.csproj", "{89FB4267-EF67-4F6E-89B8-12AAB7F5C458}"
EndProject
Project("{FAE04EC0-301F-11D3-BF4B-00C04F79EFBC}") = "7.3", "7.3\7.3.csproj", "{1EDBCF60-5E8A-438A-BD23-10C54798310E}"
EndProject
Project("{FAE04EC0-301F-11D3-BF4B-00C04F79EFBC}") = "7.4", "7.4\7.4.csproj", "{F6434541-6158-44BF-AA26-FD37245A979B}"
EndProject
Project("{FAE04EC0-301F-11D3-BF4B-00C04F79EFBC}") = "7.5", "7.5\7.5.csproj", "{452D6F8B-FB45-45F7-9486-CD0E4764208A}"
EndProject
Project("{FAE04EC0-301F-11D3-BF4B-00C04F79EFBC}") = "7.6", "7.6\7.6.csproj", "{B2BD5EC1-2AA5-4593-ABC0-B864EC1B905F}"
EndProject
Project("{FAE04EC0-301F-11D3-BF4B-00C04F79EFBC}") = "7.6v2", "7.6v2\7.6v2.csproj", "{99E4DA5D-2BFC-4EDE-A7B5-5F0CE0D12CA8}"
EndProject
Project("{FAE04EC0-301F-11D3-BF4B-00C04F79EFBC}") = "7.7", "7.7\7.7.csproj", "{7EA5ED6A-AFC9-424F-BF94-9250799A3C8E}"
EndProject
Project("{FAE04EC0-301F-11D3-BF4B-00C04F79EFBC}") = "7.8asterix", "7.8asterix\7.8asterix.csproj", "{9AB58429-5203-45B5-B7D6-AF77C2429351}"
EndProject
Global
	GlobalSection(SolutionConfigurationPlatforms) = preSolution
		Debug|Any CPU = Debug|Any CPU
		Release|Any CPU = Release|Any CPU
	EndGlobalSection
	GlobalSection(ProjectConfigurationPlatforms) = postSolution
		{78FE7777-0431-4C89-A49E-D6B01C9FD36D}.Debug|Any CPU.ActiveCfg = Debug|Any CPU
		{78FE7777-0431-4C89-A49E-D6B01C9FD36D}.Debug|Any CPU.Build.0 = Debug|Any CPU
		{78FE7777-0431-4C89-A49E-D6B01C9FD36D}.Release|Any CPU.ActiveCfg = Release|Any CPU
		{78FE7777-0431-4C89-A49E-D6B01C9FD36D}.Release|Any CPU.Build.0 = Release|Any CPU
		{4A9D0EFB-E435-4186-8605-256EFD757452}.Debug|Any CPU.ActiveCfg = Debug|Any CPU
		{4A9D0EFB-E435-4186-8605-256EFD757452}.Debug|Any CPU.Build.0 = Debug|Any CPU
		{4A9D0EFB-E435-4186-8605-256EFD757452}.Release|Any CPU.ActiveCfg = Release|Any CPU
		{4A9D0EFB-E435-4186-8605-256EFD757452}.Release|Any CPU.Build.0 = Release|Any CPU
		{380760F5-3A6F-4EB0-9474-2FFA8A1A22C2}.Debug|Any CPU.ActiveCfg = Debug|Any CPU
		{380760F5-3A6F-4EB0-9474-2FFA8A1A22C2}.Debug|Any CPU.Build.0 = Debug|Any CPU
		{380760F5-3A6F-4EB0-9474-2FFA8A1A22C2}.Release|Any CPU.ActiveCfg = Release|Any CPU
		{380760F5-3A6F-4EB0-9474-2FFA8A1A22C2}.Release|Any CPU.Build.0 = Release|Any CPU
		{C922A469-C1C9-4307-81D9-F9EFF39351D7}.Debug|Any CPU.ActiveCfg = Debug|Any CPU
		{C922A469-C1C9-4307-81D9-F9EFF39351D7}.Debug|Any CPU.Build.0 = Debug|Any CPU
		{C922A469-C1C9-4307-81D9-F9EFF39351D7}.Release|Any CPU.ActiveCfg = Release|Any CPU
		{C922A469-C1C9-4307-81D9-F9EFF39351D7}.Release|Any CPU.Build.0 = Release|Any CPU
		{89FB4267-EF67-4F6E-89B8-12AAB7F5C458}.Debug|Any CPU.ActiveCfg = Debug|Any CPU
		{89FB4267-EF67-4F6E-89B8-12AAB7F5C458}.Debug|Any CPU.Build.0 = Debug|Any CPU
		{89FB4267-EF67-4F6E-89B8-12AAB7F5C458}.Release|Any CPU.ActiveCfg = Release|Any CPU
		{89FB4267-EF67-4F6E-89B8-12AAB7F5C458}.Release|Any CPU.Build.0 = Release|Any CPU
		{1EDBCF60-5E8A-438A-BD23-10C54798310E}.Debug|Any CPU.ActiveCfg = Debug|Any CPU
		{1EDBCF60-5E8A-438A-BD23-10C54798310E}.Debug|Any CPU.Build.0 = Debug|Any CPU
		{1EDBCF60-5E8A-438A-BD23-10C54798310E}.Release|Any CPU.ActiveCfg = Release|Any CPU
		{1EDBCF60-5E8A-438A-BD23-10C54798310E}.Release|Any CPU.Build.0 = Release|Any CPU
		{F6434541-6158-44BF-AA26-FD37245A979B}.Debug|Any CPU.ActiveCfg = Debug|Any CPU
		{F6434541-6158-44BF-AA26-FD37245A979B}.Debug|Any CPU.Build.0 = Debug|Any CPU
		{F6434541-6158-44BF-AA26-FD37245A979B}.Release|Any CPU.ActiveCfg = Release|Any CPU
		{F6434541-6158-44BF-AA26-FD37245A979B}.Release|Any CPU.Build.0 = Release|Any CPU
		{452D6F8B-FB45-45F7-9486-CD0E4764208A}.Debug|Any CPU.ActiveCfg = Debug|Any CPU
		{452D6F8B-FB45-45F7-9486-CD0E4764208A}.Debug|Any CPU.Build.0 = Debug|Any CPU
		{452D6F8B-FB45-45F7-9486-CD0E4764208A}.Release|Any CPU.ActiveCfg = Release|Any CPU
		{452D6F8B-FB45-45F7-9486-CD0E4764208A}.Release|Any CPU.Build.0 = Release|Any CPU
		{B2BD5EC1-2AA5-4593-ABC0-B864EC1B905F}.Debug|Any CPU.ActiveCfg = Debug|Any CPU
		{B2BD5EC1-2AA5-4593-ABC0-B864EC1B905F}.Debug|Any CPU.Build.0 = Debug|Any CPU
		{B2BD5EC1-2AA5-4593-ABC0-B864EC1B905F}.Release|Any CPU.ActiveCfg = Release|Any CPU
		{B2BD5EC1-2AA5-4593-ABC0-B864EC1B905F}.Release|Any CPU.Build.0 = Release|Any CPU
		{99E4DA5D-2BFC-4EDE-A7B5-5F0CE0D12CA8}.Debug|Any CPU.ActiveCfg = Debug|Any CPU
		{99E4DA5D-2BFC-4EDE-A7B5-5F0CE0D12CA8}.Debug|Any CPU.Build.0 = Debug|Any CPU
		{99E4DA5D-2BFC-4EDE-A7B5-5F0CE0D12CA8}.Release|Any CPU.ActiveCfg = Release|Any CPU
		{99E4DA5D-2BFC-4EDE-A7B5-5F0CE0D12CA8}.Release|Any CPU.Build.0 = Release|Any CPU
		{7EA5ED6A-AFC9-424F-BF94-9250799A3C8E}.Debug|Any CPU.ActiveCfg = Debug|Any CPU
		{7EA5ED6A-AFC9-424F-BF94-9250799A3C8E}.Debug|Any CPU.Build.0 = Debug|Any CPU
		{7EA5ED6A-AFC9-424F-BF94-9250799A3C8E}.Release|Any CPU.ActiveCfg = Release|Any CPU
		{7EA5ED6A-AFC9-424F-BF94-9250799A3C8E}.Release|Any CPU.Build.0 = Release|Any CPU
		{9AB58429-5203-45B5-B7D6-AF77C2429351}.Debug|Any CPU.ActiveCfg = Debug|Any CPU
		{9AB58429-5203-45B5-B7D6-AF77C2429351}.Debug|Any CPU.Build.0 = Debug|Any CPU
		{9AB58429-5203-45B5-B7D6-AF77C2429351}.Release|Any CPU.ActiveCfg = Release|Any CPU
		{9AB58429-5203-45B5-B7D6-AF77C2429351}.Release|Any CPU.Build.0 = Release|Any CPU
	EndGlobalSection
	GlobalSection(SolutionProperties) = preSolution
		HideSolutionNode = FALSE
	EndGlobalSection
EndGlobal
