
Microsoft Visual Studio Solution File, Format Version 12.00
# Visual Studio 14
VisualStudioVersion = 14.0.25420.1
MinimumVisualStudioVersion = 10.0.40219.1
Project("{FAE04EC0-301F-11D3-BF4B-00C04F79EFBC}") = "1", "1\1.csproj", "{0C8453AC-3DB0-46EA-93FB-A5AAC49C2388}"
EndProject
Project("{FAE04EC0-301F-11D3-BF4B-00C04F79EFBC}") = "3", "3\3.csproj", "{5FE69217-24AC-4E26-8E8D-0E6476D7CD8D}"
EndProject
Project("{FAE04EC0-301F-11D3-BF4B-00C04F79EFBC}") = "2", "2\2.csproj", "{E575829F-A593-4DD4-8E60-9E9160460662}"
EndProject
Project("{FAE04EC0-301F-11D3-BF4B-00C04F79EFBC}") = "4", "4\4.csproj", "{BD76F44C-2614-48E7-B785-DC4375A0D469}"
EndProject
Project("{FAE04EC0-301F-11D3-BF4B-00C04F79EFBC}") = "5", "5\5.csproj", "{0701B7DF-D515-4569-8BE2-2435AE1BF1CA}"
EndProject
Project("{FAE04EC0-301F-11D3-BF4B-00C04F79EFBC}") = "6", "6\6.csproj", "{4E5C8F9E-EF8D-448A-B012-13924870972E}"
EndProject
Global
	GlobalSection(SolutionConfigurationPlatforms) = preSolution
		Debug|Any CPU = Debug|Any CPU
		Release|Any CPU = Release|Any CPU
	EndGlobalSection
	GlobalSection(ProjectConfigurationPlatforms) = postSolution
		{0C8453AC-3DB0-46EA-93FB-A5AAC49C2388}.Debug|Any CPU.ActiveCfg = Debug|Any CPU
		{0C8453AC-3DB0-46EA-93FB-A5AAC49C2388}.Debug|Any CPU.Build.0 = Debug|Any CPU
		{0C8453AC-3DB0-46EA-93FB-A5AAC49C2388}.Release|Any CPU.ActiveCfg = Release|Any CPU
		{0C8453AC-3DB0-46EA-93FB-A5AAC49C2388}.Release|Any CPU.Build.0 = Release|Any CPU
		{5FE69217-24AC-4E26-8E8D-0E6476D7CD8D}.Debug|Any CPU.ActiveCfg = Debug|Any CPU
		{5FE69217-24AC-4E26-8E8D-0E6476D7CD8D}.Debug|Any CPU.Build.0 = Debug|Any CPU
		{5FE69217-24AC-4E26-8E8D-0E6476D7CD8D}.Release|Any CPU.ActiveCfg = Release|Any CPU
		{5FE69217-24AC-4E26-8E8D-0E6476D7CD8D}.Release|Any CPU.Build.0 = Release|Any CPU
		{E575829F-A593-4DD4-8E60-9E9160460662}.Debug|Any CPU.ActiveCfg = Debug|Any CPU
		{E575829F-A593-4DD4-8E60-9E9160460662}.Debug|Any CPU.Build.0 = Debug|Any CPU
		{E575829F-A593-4DD4-8E60-9E9160460662}.Release|Any CPU.ActiveCfg = Release|Any CPU
		{E575829F-A593-4DD4-8E60-9E9160460662}.Release|Any CPU.Build.0 = Release|Any CPU
		{BD76F44C-2614-48E7-B785-DC4375A0D469}.Debug|Any CPU.ActiveCfg = Debug|Any CPU
		{BD76F44C-2614-48E7-B785-DC4375A0D469}.Debug|Any CPU.Build.0 = Debug|Any CPU
		{BD76F44C-2614-48E7-B785-DC4375A0D469}.Release|Any CPU.ActiveCfg = Release|Any CPU
		{BD76F44C-2614-48E7-B785-DC4375A0D469}.Release|Any CPU.Build.0 = Release|Any CPU
		{0701B7DF-D515-4569-8BE2-2435AE1BF1CA}.Debug|Any CPU.ActiveCfg = Debug|Any CPU
		{0701B7DF-D515-4569-8BE2-2435AE1BF1CA}.Debug|Any CPU.Build.0 = Debug|Any CPU
		{0701B7DF-D515-4569-8BE2-2435AE1BF1CA}.Release|Any CPU.ActiveCfg = Release|Any CPU
		{0701B7DF-D515-4569-8BE2-2435AE1BF1CA}.Release|Any CPU.Build.0 = Release|Any CPU
		{4E5C8F9E-EF8D-448A-B012-13924870972E}.Debug|Any CPU.ActiveCfg = Debug|Any CPU
		{4E5C8F9E-EF8D-448A-B012-13924870972E}.Debug|Any CPU.Build.0 = Debug|Any CPU
		{4E5C8F9E-EF8D-448A-B012-13924870972E}.Release|Any CPU.ActiveCfg = Release|Any CPU
		{4E5C8F9E-EF8D-448A-B012-13924870972E}.Release|Any CPU.Build.0 = Release|Any CPU
	EndGlobalSection
	GlobalSection(SolutionProperties) = preSolution
		HideSolutionNode = FALSE
	EndGlobalSection
EndGlobal
