
Microsoft Visual Studio Solution File, Format Version 12.00
# Visual Studio 15
VisualStudioVersion = 15.0.26430.16
MinimumVisualStudioVersion = 10.0.40219.1
Project("{FAE04EC0-301F-11D3-BF4B-00C04F79EFBC}") = "1", "1\1.csproj", "{0C8453AC-3DB0-46EA-93FB-A5AAC49C2388}"
EndProject
<<<<<<< HEAD
Project("{FAE04EC0-301F-11D3-BF4B-00C04F79EFBC}") = "2", "2\2.csproj", "{683AA7BE-DA4E-4413-845F-FFDD92753D16}"
=======
Project("{FAE04EC0-301F-11D3-BF4B-00C04F79EFBC}") = "2", "2\2.csproj", "{743CD6CB-6E13-4DA3-AA38-7847E7DFBB39}"
EndProject
Project("{FAE04EC0-301F-11D3-BF4B-00C04F79EFBC}") = "3", "3\3.csproj", "{5FE69217-24AC-4E26-8E8D-0E6476D7CD8D}"
>>>>>>> 240c157745c62f6c652ae3aa3cdde77274ca9836
EndProject
Global
	GlobalSection(SolutionConfigurationPlatforms) = preSolution
		Debug|Any CPU = Debug|Any CPU
		Release|Any CPU = Release|Any CPU
	EndGlobalSection
	GlobalSection(ProjectConfigurationPlatforms) = postSolution
		{0C8453AC-3DB0-46EA-93FB-A5AAC49C2388}.Debug|Any CPU.ActiveCfg = Debug|Any CPU
		{0C8453AC-3DB0-46EA-93FB-A5AAC49C2388}.Debug|Any CPU.Build.0 = Debug|Any CPU
		{0C8453AC-3DB0-46EA-93FB-A5AAC49C2388}.Release|Any CPU.ActiveCfg = Release|Any CPU
		{0C8453AC-3DB0-46EA-93FB-A5AAC49C2388}.Release|Any CPU.Build.0 = Release|Any CPU
<<<<<<< HEAD
		{683AA7BE-DA4E-4413-845F-FFDD92753D16}.Debug|Any CPU.ActiveCfg = Debug|Any CPU
		{683AA7BE-DA4E-4413-845F-FFDD92753D16}.Debug|Any CPU.Build.0 = Debug|Any CPU
		{683AA7BE-DA4E-4413-845F-FFDD92753D16}.Release|Any CPU.ActiveCfg = Release|Any CPU
		{683AA7BE-DA4E-4413-845F-FFDD92753D16}.Release|Any CPU.Build.0 = Release|Any CPU
=======
		{743CD6CB-6E13-4DA3-AA38-7847E7DFBB39}.Debug|Any CPU.ActiveCfg = Debug|Any CPU
		{743CD6CB-6E13-4DA3-AA38-7847E7DFBB39}.Debug|Any CPU.Build.0 = Debug|Any CPU
		{743CD6CB-6E13-4DA3-AA38-7847E7DFBB39}.Release|Any CPU.ActiveCfg = Release|Any CPU
		{743CD6CB-6E13-4DA3-AA38-7847E7DFBB39}.Release|Any CPU.Build.0 = Release|Any CPU
		{5FE69217-24AC-4E26-8E8D-0E6476D7CD8D}.Debug|Any CPU.ActiveCfg = Debug|Any CPU
		{5FE69217-24AC-4E26-8E8D-0E6476D7CD8D}.Debug|Any CPU.Build.0 = Debug|Any CPU
		{5FE69217-24AC-4E26-8E8D-0E6476D7CD8D}.Release|Any CPU.ActiveCfg = Release|Any CPU
		{5FE69217-24AC-4E26-8E8D-0E6476D7CD8D}.Release|Any CPU.Build.0 = Release|Any CPU
>>>>>>> 240c157745c62f6c652ae3aa3cdde77274ca9836
	EndGlobalSection
	GlobalSection(SolutionProperties) = preSolution
		HideSolutionNode = FALSE
	EndGlobalSection
EndGlobal
