
Microsoft Visual Studio Solution File, Format Version 12.00
# Visual Studio 14
VisualStudioVersion = 14.0.25420.1
MinimumVisualStudioVersion = 10.0.40219.1
Project("{FAE04EC0-301F-11D3-BF4B-00C04F79EFBC}") = "1", "1\1.csproj", "{C3FBD826-327A-4537-86C9-52D76A2EEAB3}"
EndProject
Project("{FAE04EC0-301F-11D3-BF4B-00C04F79EFBC}") = "2", "2\2.csproj", "{433965AF-1D1D-4E51-8DEE-B0B429BF17D5}"
EndProject
Project("{FAE04EC0-301F-11D3-BF4B-00C04F79EFBC}") = "3", "3\3.csproj", "{C5F522A9-B734-464B-B7C6-1ABB4BC02A79}"
EndProject
Project("{FAE04EC0-301F-11D3-BF4B-00C04F79EFBC}") = "4", "4\4.csproj", "{C62F909E-29FE-4620-8084-BBEF52B46B90}"
EndProject
Project("{FAE04EC0-301F-11D3-BF4B-00C04F79EFBC}") = "5", "5\5.csproj", "{1BD31BB0-666D-4DF1-93CA-D77EC084F376}"
EndProject
Project("{FAE04EC0-301F-11D3-BF4B-00C04F79EFBC}") = "6", "6\6.csproj", "{44529397-DF94-496D-A4AE-EE4789A78CDC}"
EndProject
Project("{FAE04EC0-301F-11D3-BF4B-00C04F79EFBC}") = "6.1", "6.1\6.1.csproj", "{FE486370-27B0-45A1-96E7-CA7470482A67}"
EndProject
Project("{FAE04EC0-301F-11D3-BF4B-00C04F79EFBC}") = "n1", "n1\n1.csproj", "{A91AC0A5-141C-43B4-AE6A-83FA1E0CFE27}"
EndProject
Project("{FAE04EC0-301F-11D3-BF4B-00C04F79EFBC}") = "n2", "n2\n2.csproj", "{080A149C-60BA-42BA-A716-EF513B2B899B}"
EndProject
Project("{FAE04EC0-301F-11D3-BF4B-00C04F79EFBC}") = "n2_2", "n2_2\n2_2.csproj", "{3CE5B0FC-B992-4BF6-A783-95BA8BD0E1D2}"
EndProject
Project("{FAE04EC0-301F-11D3-BF4B-00C04F79EFBC}") = "n3", "n3\n3.csproj", "{A6B98F26-6924-49F5-8090-F9AD6AB850EB}"
EndProject
Project("{FAE04EC0-301F-11D3-BF4B-00C04F79EFBC}") = "n4", "n4\n4.csproj", "{6616F1DD-C149-4914-86BA-056E59513C0F}"
EndProject
Project("{FAE04EC0-301F-11D3-BF4B-00C04F79EFBC}") = "n5", "n5\n5.csproj", "{0C04955E-7E46-4366-B4C0-18AB7CB28B33}"
EndProject
Project("{FAE04EC0-301F-11D3-BF4B-00C04F79EFBC}") = "n6", "n6\n6.csproj", "{29955DAB-3E80-4A38-BC7D-9E70D409B0F8}"
EndProject
Project("{FAE04EC0-301F-11D3-BF4B-00C04F79EFBC}") = "L1", "L1\L1.csproj", "{4386F56C-2F26-4753-87EB-8F3F6820C725}"
EndProject
Project("{FAE04EC0-301F-11D3-BF4B-00C04F79EFBC}") = "L2", "L2\L2.csproj", "{AED3DD4C-70E5-43BE-AAD7-2A020FE4AEBE}"
EndProject
Project("{FAE04EC0-301F-11D3-BF4B-00C04F79EFBC}") = "L3", "L3\L3.csproj", "{0D74180D-CE45-4C05-BBAC-870C45C0AF01}"
EndProject
Project("{FAE04EC0-301F-11D3-BF4B-00C04F79EFBC}") = "L6", "L6\L6.csproj", "{EE344D9F-D53A-4514-8C80-4FC3197EF763}"
EndProject
Project("{FAE04EC0-301F-11D3-BF4B-00C04F79EFBC}") = "LL", "LL\LL.csproj", "{C4BCEE5F-FC1D-472D-BB79-DE77622449C4}"
EndProject
Project("{FAE04EC0-301F-11D3-BF4B-00C04F79EFBC}") = "LL2", "LL2\LL2.csproj", "{D1B34067-7DCA-4F61-A987-ED7B0BE62EC8}"
EndProject
Project("{FAE04EC0-301F-11D3-BF4B-00C04F79EFBC}") = "A5", "A5\A5.csproj", "{E6D39326-34B7-4AF7-84FF-31A70F8083E6}"
EndProject
Project("{FAE04EC0-301F-11D3-BF4B-00C04F79EFBC}") = "A6", "A6\A6.csproj", "{8437DE98-1BF9-4B63-B88B-EA0CAA26144D}"
EndProject
Project("{FAE04EC0-301F-11D3-BF4B-00C04F79EFBC}") = "A7", "A7\A7.csproj", "{209C8131-D658-4074-90FD-4B527E6D1568}"
EndProject
Project("{FAE04EC0-301F-11D3-BF4B-00C04F79EFBC}") = "AL4", "AL7\AL4.csproj", "{CF3EC081-778A-405B-99D8-30268486FAEB}"
EndProject
Project("{FAE04EC0-301F-11D3-BF4B-00C04F79EFBC}") = "AL41", "AL41\AL41.csproj", "{3F11FC30-6F5E-4251-A3C6-0BF3F8EAF765}"
EndProject
Project("{FAE04EC0-301F-11D3-BF4B-00C04F79EFBC}") = "AL5", "AL5\AL5.csproj", "{321922B5-3055-4657-93B5-1B51C1E1CCB2}"
EndProject
Global
	GlobalSection(SolutionConfigurationPlatforms) = preSolution
		Debug|Any CPU = Debug|Any CPU
		Release|Any CPU = Release|Any CPU
	EndGlobalSection
	GlobalSection(ProjectConfigurationPlatforms) = postSolution
		{C3FBD826-327A-4537-86C9-52D76A2EEAB3}.Debug|Any CPU.ActiveCfg = Debug|Any CPU
		{C3FBD826-327A-4537-86C9-52D76A2EEAB3}.Debug|Any CPU.Build.0 = Debug|Any CPU
		{C3FBD826-327A-4537-86C9-52D76A2EEAB3}.Release|Any CPU.ActiveCfg = Release|Any CPU
		{C3FBD826-327A-4537-86C9-52D76A2EEAB3}.Release|Any CPU.Build.0 = Release|Any CPU
		{433965AF-1D1D-4E51-8DEE-B0B429BF17D5}.Debug|Any CPU.ActiveCfg = Debug|Any CPU
		{433965AF-1D1D-4E51-8DEE-B0B429BF17D5}.Debug|Any CPU.Build.0 = Debug|Any CPU
		{433965AF-1D1D-4E51-8DEE-B0B429BF17D5}.Release|Any CPU.ActiveCfg = Release|Any CPU
		{433965AF-1D1D-4E51-8DEE-B0B429BF17D5}.Release|Any CPU.Build.0 = Release|Any CPU
		{C5F522A9-B734-464B-B7C6-1ABB4BC02A79}.Debug|Any CPU.ActiveCfg = Debug|Any CPU
		{C5F522A9-B734-464B-B7C6-1ABB4BC02A79}.Debug|Any CPU.Build.0 = Debug|Any CPU
		{C5F522A9-B734-464B-B7C6-1ABB4BC02A79}.Release|Any CPU.ActiveCfg = Release|Any CPU
		{C5F522A9-B734-464B-B7C6-1ABB4BC02A79}.Release|Any CPU.Build.0 = Release|Any CPU
		{C62F909E-29FE-4620-8084-BBEF52B46B90}.Debug|Any CPU.ActiveCfg = Debug|Any CPU
		{C62F909E-29FE-4620-8084-BBEF52B46B90}.Debug|Any CPU.Build.0 = Debug|Any CPU
		{C62F909E-29FE-4620-8084-BBEF52B46B90}.Release|Any CPU.ActiveCfg = Release|Any CPU
		{C62F909E-29FE-4620-8084-BBEF52B46B90}.Release|Any CPU.Build.0 = Release|Any CPU
		{1BD31BB0-666D-4DF1-93CA-D77EC084F376}.Debug|Any CPU.ActiveCfg = Debug|Any CPU
		{1BD31BB0-666D-4DF1-93CA-D77EC084F376}.Debug|Any CPU.Build.0 = Debug|Any CPU
		{1BD31BB0-666D-4DF1-93CA-D77EC084F376}.Release|Any CPU.ActiveCfg = Release|Any CPU
		{1BD31BB0-666D-4DF1-93CA-D77EC084F376}.Release|Any CPU.Build.0 = Release|Any CPU
		{44529397-DF94-496D-A4AE-EE4789A78CDC}.Debug|Any CPU.ActiveCfg = Debug|Any CPU
		{44529397-DF94-496D-A4AE-EE4789A78CDC}.Debug|Any CPU.Build.0 = Debug|Any CPU
		{44529397-DF94-496D-A4AE-EE4789A78CDC}.Release|Any CPU.ActiveCfg = Release|Any CPU
		{44529397-DF94-496D-A4AE-EE4789A78CDC}.Release|Any CPU.Build.0 = Release|Any CPU
		{FE486370-27B0-45A1-96E7-CA7470482A67}.Debug|Any CPU.ActiveCfg = Debug|Any CPU
		{FE486370-27B0-45A1-96E7-CA7470482A67}.Debug|Any CPU.Build.0 = Debug|Any CPU
		{FE486370-27B0-45A1-96E7-CA7470482A67}.Release|Any CPU.ActiveCfg = Release|Any CPU
		{FE486370-27B0-45A1-96E7-CA7470482A67}.Release|Any CPU.Build.0 = Release|Any CPU
		{A91AC0A5-141C-43B4-AE6A-83FA1E0CFE27}.Debug|Any CPU.ActiveCfg = Debug|Any CPU
		{A91AC0A5-141C-43B4-AE6A-83FA1E0CFE27}.Debug|Any CPU.Build.0 = Debug|Any CPU
		{A91AC0A5-141C-43B4-AE6A-83FA1E0CFE27}.Release|Any CPU.ActiveCfg = Release|Any CPU
		{A91AC0A5-141C-43B4-AE6A-83FA1E0CFE27}.Release|Any CPU.Build.0 = Release|Any CPU
		{080A149C-60BA-42BA-A716-EF513B2B899B}.Debug|Any CPU.ActiveCfg = Debug|Any CPU
		{080A149C-60BA-42BA-A716-EF513B2B899B}.Debug|Any CPU.Build.0 = Debug|Any CPU
		{080A149C-60BA-42BA-A716-EF513B2B899B}.Release|Any CPU.ActiveCfg = Release|Any CPU
		{080A149C-60BA-42BA-A716-EF513B2B899B}.Release|Any CPU.Build.0 = Release|Any CPU
		{3CE5B0FC-B992-4BF6-A783-95BA8BD0E1D2}.Debug|Any CPU.ActiveCfg = Debug|Any CPU
		{3CE5B0FC-B992-4BF6-A783-95BA8BD0E1D2}.Debug|Any CPU.Build.0 = Debug|Any CPU
		{3CE5B0FC-B992-4BF6-A783-95BA8BD0E1D2}.Release|Any CPU.ActiveCfg = Release|Any CPU
		{3CE5B0FC-B992-4BF6-A783-95BA8BD0E1D2}.Release|Any CPU.Build.0 = Release|Any CPU
		{A6B98F26-6924-49F5-8090-F9AD6AB850EB}.Debug|Any CPU.ActiveCfg = Debug|Any CPU
		{A6B98F26-6924-49F5-8090-F9AD6AB850EB}.Debug|Any CPU.Build.0 = Debug|Any CPU
		{A6B98F26-6924-49F5-8090-F9AD6AB850EB}.Release|Any CPU.ActiveCfg = Release|Any CPU
		{A6B98F26-6924-49F5-8090-F9AD6AB850EB}.Release|Any CPU.Build.0 = Release|Any CPU
		{6616F1DD-C149-4914-86BA-056E59513C0F}.Debug|Any CPU.ActiveCfg = Debug|Any CPU
		{6616F1DD-C149-4914-86BA-056E59513C0F}.Debug|Any CPU.Build.0 = Debug|Any CPU
		{6616F1DD-C149-4914-86BA-056E59513C0F}.Release|Any CPU.ActiveCfg = Release|Any CPU
		{6616F1DD-C149-4914-86BA-056E59513C0F}.Release|Any CPU.Build.0 = Release|Any CPU
		{0C04955E-7E46-4366-B4C0-18AB7CB28B33}.Debug|Any CPU.ActiveCfg = Debug|Any CPU
		{0C04955E-7E46-4366-B4C0-18AB7CB28B33}.Debug|Any CPU.Build.0 = Debug|Any CPU
		{0C04955E-7E46-4366-B4C0-18AB7CB28B33}.Release|Any CPU.ActiveCfg = Release|Any CPU
		{0C04955E-7E46-4366-B4C0-18AB7CB28B33}.Release|Any CPU.Build.0 = Release|Any CPU
		{29955DAB-3E80-4A38-BC7D-9E70D409B0F8}.Debug|Any CPU.ActiveCfg = Debug|Any CPU
		{29955DAB-3E80-4A38-BC7D-9E70D409B0F8}.Debug|Any CPU.Build.0 = Debug|Any CPU
		{29955DAB-3E80-4A38-BC7D-9E70D409B0F8}.Release|Any CPU.ActiveCfg = Release|Any CPU
		{29955DAB-3E80-4A38-BC7D-9E70D409B0F8}.Release|Any CPU.Build.0 = Release|Any CPU
		{4386F56C-2F26-4753-87EB-8F3F6820C725}.Debug|Any CPU.ActiveCfg = Debug|Any CPU
		{4386F56C-2F26-4753-87EB-8F3F6820C725}.Debug|Any CPU.Build.0 = Debug|Any CPU
		{4386F56C-2F26-4753-87EB-8F3F6820C725}.Release|Any CPU.ActiveCfg = Release|Any CPU
		{4386F56C-2F26-4753-87EB-8F3F6820C725}.Release|Any CPU.Build.0 = Release|Any CPU
		{AED3DD4C-70E5-43BE-AAD7-2A020FE4AEBE}.Debug|Any CPU.ActiveCfg = Debug|Any CPU
		{AED3DD4C-70E5-43BE-AAD7-2A020FE4AEBE}.Debug|Any CPU.Build.0 = Debug|Any CPU
		{AED3DD4C-70E5-43BE-AAD7-2A020FE4AEBE}.Release|Any CPU.ActiveCfg = Release|Any CPU
		{AED3DD4C-70E5-43BE-AAD7-2A020FE4AEBE}.Release|Any CPU.Build.0 = Release|Any CPU
		{0D74180D-CE45-4C05-BBAC-870C45C0AF01}.Debug|Any CPU.ActiveCfg = Debug|Any CPU
		{0D74180D-CE45-4C05-BBAC-870C45C0AF01}.Debug|Any CPU.Build.0 = Debug|Any CPU
		{0D74180D-CE45-4C05-BBAC-870C45C0AF01}.Release|Any CPU.ActiveCfg = Release|Any CPU
		{0D74180D-CE45-4C05-BBAC-870C45C0AF01}.Release|Any CPU.Build.0 = Release|Any CPU
		{EE344D9F-D53A-4514-8C80-4FC3197EF763}.Debug|Any CPU.ActiveCfg = Debug|Any CPU
		{EE344D9F-D53A-4514-8C80-4FC3197EF763}.Debug|Any CPU.Build.0 = Debug|Any CPU
		{EE344D9F-D53A-4514-8C80-4FC3197EF763}.Release|Any CPU.ActiveCfg = Release|Any CPU
		{EE344D9F-D53A-4514-8C80-4FC3197EF763}.Release|Any CPU.Build.0 = Release|Any CPU
		{C4BCEE5F-FC1D-472D-BB79-DE77622449C4}.Debug|Any CPU.ActiveCfg = Debug|Any CPU
		{C4BCEE5F-FC1D-472D-BB79-DE77622449C4}.Debug|Any CPU.Build.0 = Debug|Any CPU
		{C4BCEE5F-FC1D-472D-BB79-DE77622449C4}.Release|Any CPU.ActiveCfg = Release|Any CPU
		{C4BCEE5F-FC1D-472D-BB79-DE77622449C4}.Release|Any CPU.Build.0 = Release|Any CPU
		{D1B34067-7DCA-4F61-A987-ED7B0BE62EC8}.Debug|Any CPU.ActiveCfg = Debug|Any CPU
		{D1B34067-7DCA-4F61-A987-ED7B0BE62EC8}.Debug|Any CPU.Build.0 = Debug|Any CPU
		{D1B34067-7DCA-4F61-A987-ED7B0BE62EC8}.Release|Any CPU.ActiveCfg = Release|Any CPU
		{D1B34067-7DCA-4F61-A987-ED7B0BE62EC8}.Release|Any CPU.Build.0 = Release|Any CPU
		{E6D39326-34B7-4AF7-84FF-31A70F8083E6}.Debug|Any CPU.ActiveCfg = Debug|Any CPU
		{E6D39326-34B7-4AF7-84FF-31A70F8083E6}.Debug|Any CPU.Build.0 = Debug|Any CPU
		{E6D39326-34B7-4AF7-84FF-31A70F8083E6}.Release|Any CPU.ActiveCfg = Release|Any CPU
		{E6D39326-34B7-4AF7-84FF-31A70F8083E6}.Release|Any CPU.Build.0 = Release|Any CPU
		{8437DE98-1BF9-4B63-B88B-EA0CAA26144D}.Debug|Any CPU.ActiveCfg = Debug|Any CPU
		{8437DE98-1BF9-4B63-B88B-EA0CAA26144D}.Debug|Any CPU.Build.0 = Debug|Any CPU
		{8437DE98-1BF9-4B63-B88B-EA0CAA26144D}.Release|Any CPU.ActiveCfg = Release|Any CPU
		{8437DE98-1BF9-4B63-B88B-EA0CAA26144D}.Release|Any CPU.Build.0 = Release|Any CPU
		{209C8131-D658-4074-90FD-4B527E6D1568}.Debug|Any CPU.ActiveCfg = Debug|Any CPU
		{209C8131-D658-4074-90FD-4B527E6D1568}.Debug|Any CPU.Build.0 = Debug|Any CPU
		{209C8131-D658-4074-90FD-4B527E6D1568}.Release|Any CPU.ActiveCfg = Release|Any CPU
		{209C8131-D658-4074-90FD-4B527E6D1568}.Release|Any CPU.Build.0 = Release|Any CPU
		{CF3EC081-778A-405B-99D8-30268486FAEB}.Debug|Any CPU.ActiveCfg = Debug|Any CPU
		{CF3EC081-778A-405B-99D8-30268486FAEB}.Debug|Any CPU.Build.0 = Debug|Any CPU
		{CF3EC081-778A-405B-99D8-30268486FAEB}.Release|Any CPU.ActiveCfg = Release|Any CPU
		{CF3EC081-778A-405B-99D8-30268486FAEB}.Release|Any CPU.Build.0 = Release|Any CPU
		{3F11FC30-6F5E-4251-A3C6-0BF3F8EAF765}.Debug|Any CPU.ActiveCfg = Debug|Any CPU
		{3F11FC30-6F5E-4251-A3C6-0BF3F8EAF765}.Debug|Any CPU.Build.0 = Debug|Any CPU
		{3F11FC30-6F5E-4251-A3C6-0BF3F8EAF765}.Release|Any CPU.ActiveCfg = Release|Any CPU
		{3F11FC30-6F5E-4251-A3C6-0BF3F8EAF765}.Release|Any CPU.Build.0 = Release|Any CPU
		{321922B5-3055-4657-93B5-1B51C1E1CCB2}.Debug|Any CPU.ActiveCfg = Debug|Any CPU
		{321922B5-3055-4657-93B5-1B51C1E1CCB2}.Debug|Any CPU.Build.0 = Debug|Any CPU
		{321922B5-3055-4657-93B5-1B51C1E1CCB2}.Release|Any CPU.ActiveCfg = Release|Any CPU
		{321922B5-3055-4657-93B5-1B51C1E1CCB2}.Release|Any CPU.Build.0 = Release|Any CPU
	EndGlobalSection
	GlobalSection(SolutionProperties) = preSolution
		HideSolutionNode = FALSE
	EndGlobalSection
EndGlobal
