
Microsoft Visual Studio Solution File, Format Version 12.00
# Visual Studio 15
VisualStudioVersion = 15.0.27428.2015
MinimumVisualStudioVersion = 10.0.40219.1
Project("{FAE04EC0-301F-11D3-BF4B-00C04F79EFBC}") = "P01_BillsPaymentSystem", "P01_BillsPaymentSystem\P01_BillsPaymentSystem.csproj", "{F31AC532-55C1-4171-9F29-821E6D9D1154}"
EndProject
Project("{FAE04EC0-301F-11D3-BF4B-00C04F79EFBC}") = "P01_BillsPaymentSystem.Data", "P01_BillsPaymentSystem.Data\P01_BillsPaymentSystem.Data.csproj", "{45C4F993-D15A-48E6-BDE5-467590CDE238}"
EndProject
Project("{FAE04EC0-301F-11D3-BF4B-00C04F79EFBC}") = "P01_BillsPaymentSystem.Data.Models", "P01_BillsPaymentSystem.Data.Models\P01_BillsPaymentSystem.Data.Models.csproj", "{33003785-99A3-43D9-91C5-D80C6068E356}"
EndProject
Global
	GlobalSection(SolutionConfigurationPlatforms) = preSolution
		Debug|Any CPU = Debug|Any CPU
		Release|Any CPU = Release|Any CPU
	EndGlobalSection
	GlobalSection(ProjectConfigurationPlatforms) = postSolution
		{F31AC532-55C1-4171-9F29-821E6D9D1154}.Debug|Any CPU.ActiveCfg = Debug|Any CPU
		{F31AC532-55C1-4171-9F29-821E6D9D1154}.Debug|Any CPU.Build.0 = Debug|Any CPU
		{F31AC532-55C1-4171-9F29-821E6D9D1154}.Release|Any CPU.ActiveCfg = Release|Any CPU
		{F31AC532-55C1-4171-9F29-821E6D9D1154}.Release|Any CPU.Build.0 = Release|Any CPU
		{45C4F993-D15A-48E6-BDE5-467590CDE238}.Debug|Any CPU.ActiveCfg = Debug|Any CPU
		{45C4F993-D15A-48E6-BDE5-467590CDE238}.Debug|Any CPU.Build.0 = Debug|Any CPU
		{45C4F993-D15A-48E6-BDE5-467590CDE238}.Release|Any CPU.ActiveCfg = Release|Any CPU
		{45C4F993-D15A-48E6-BDE5-467590CDE238}.Release|Any CPU.Build.0 = Release|Any CPU
		{33003785-99A3-43D9-91C5-D80C6068E356}.Debug|Any CPU.ActiveCfg = Debug|Any CPU
		{33003785-99A3-43D9-91C5-D80C6068E356}.Debug|Any CPU.Build.0 = Debug|Any CPU
		{33003785-99A3-43D9-91C5-D80C6068E356}.Release|Any CPU.ActiveCfg = Release|Any CPU
		{33003785-99A3-43D9-91C5-D80C6068E356}.Release|Any CPU.Build.0 = Release|Any CPU
	EndGlobalSection
	GlobalSection(SolutionProperties) = preSolution
		HideSolutionNode = FALSE
	EndGlobalSection
	GlobalSection(ExtensibilityGlobals) = postSolution
		SolutionGuid = {7150D626-F508-4458-B05C-763AC918FF49}
	EndGlobalSection
EndGlobal
