
Microsoft Visual Studio Solution File, Format Version 12.00
# Visual Studio 14
VisualStudioVersion = 14.0.25420.1
MinimumVisualStudioVersion = 10.0.40219.1
Project("{FAE04EC0-301F-11D3-BF4B-00C04F79EFBC}") = "01. Softuni Coffee Orders", "01. Softuni Coffee Orders\01. Softuni Coffee Orders.csproj", "{BC04543D-F605-4C3A-AD91-69FE94FEBE40}"
EndProject
Project("{FAE04EC0-301F-11D3-BF4B-00C04F79EFBC}") = "02. Command Interpreter", "02. Command Interpreter\02. Command Interpreter.csproj", "{B257A1D5-9012-4B56-941A-888DA11E948A}"
EndProject
Project("{FAE04EC0-301F-11D3-BF4B-00C04F79EFBC}") = "03. Rage Quit", "03. Rage Quit\03. Rage Quit.csproj", "{469597CF-3446-40D4-9301-BB5040989794}"
EndProject
Project("{FAE04EC0-301F-11D3-BF4B-00C04F79EFBC}") = "04. Files", "04. Files\04. Files.csproj", "{0D4100FC-65BF-490F-91C6-AA5BC2D100B7}"
EndProject
Global
	GlobalSection(SolutionConfigurationPlatforms) = preSolution
		Debug|Any CPU = Debug|Any CPU
		Release|Any CPU = Release|Any CPU
	EndGlobalSection
	GlobalSection(ProjectConfigurationPlatforms) = postSolution
		{BC04543D-F605-4C3A-AD91-69FE94FEBE40}.Debug|Any CPU.ActiveCfg = Debug|Any CPU
		{BC04543D-F605-4C3A-AD91-69FE94FEBE40}.Debug|Any CPU.Build.0 = Debug|Any CPU
		{BC04543D-F605-4C3A-AD91-69FE94FEBE40}.Release|Any CPU.ActiveCfg = Release|Any CPU
		{BC04543D-F605-4C3A-AD91-69FE94FEBE40}.Release|Any CPU.Build.0 = Release|Any CPU
		{B257A1D5-9012-4B56-941A-888DA11E948A}.Debug|Any CPU.ActiveCfg = Debug|Any CPU
		{B257A1D5-9012-4B56-941A-888DA11E948A}.Debug|Any CPU.Build.0 = Debug|Any CPU
		{B257A1D5-9012-4B56-941A-888DA11E948A}.Release|Any CPU.ActiveCfg = Release|Any CPU
		{B257A1D5-9012-4B56-941A-888DA11E948A}.Release|Any CPU.Build.0 = Release|Any CPU
		{469597CF-3446-40D4-9301-BB5040989794}.Debug|Any CPU.ActiveCfg = Debug|Any CPU
		{469597CF-3446-40D4-9301-BB5040989794}.Debug|Any CPU.Build.0 = Debug|Any CPU
		{469597CF-3446-40D4-9301-BB5040989794}.Release|Any CPU.ActiveCfg = Release|Any CPU
		{469597CF-3446-40D4-9301-BB5040989794}.Release|Any CPU.Build.0 = Release|Any CPU
		{0D4100FC-65BF-490F-91C6-AA5BC2D100B7}.Debug|Any CPU.ActiveCfg = Debug|Any CPU
		{0D4100FC-65BF-490F-91C6-AA5BC2D100B7}.Debug|Any CPU.Build.0 = Debug|Any CPU
		{0D4100FC-65BF-490F-91C6-AA5BC2D100B7}.Release|Any CPU.ActiveCfg = Release|Any CPU
		{0D4100FC-65BF-490F-91C6-AA5BC2D100B7}.Release|Any CPU.Build.0 = Release|Any CPU
	EndGlobalSection
	GlobalSection(SolutionProperties) = preSolution
		HideSolutionNode = FALSE
	EndGlobalSection
EndGlobal
