
Microsoft Visual Studio Solution File, Format Version 12.00
# Visual Studio 14
VisualStudioVersion = 14.0.25123.0
MinimumVisualStudioVersion = 10.0.40219.1
Project("{FAE04EC0-301F-11D3-BF4B-00C04F79EFBC}") = "WorkPlacesHall", "edno\WorkPlacesHall.csproj", "{85A43BB0-5033-44FE-8A56-64A67BBBE280}"
EndProject
Project("{FAE04EC0-301F-11D3-BF4B-00C04F79EFBC}") = "Gardener", "Gardener\Gardener.csproj", "{49C1E20B-A268-4251-9422-6E7D45F09EE0}"
EndProject
Project("{FAE04EC0-301F-11D3-BF4B-00C04F79EFBC}") = "plo4ki", "plo4ki\plo4ki.csproj", "{20365E22-8B28-4433-B6CE-BD3ECE463853}"
EndProject
Project("{FAE04EC0-301F-11D3-BF4B-00C04F79EFBC}") = "Money", "Money\Money.csproj", "{571095B8-10A7-4DA0-B63B-962A93BE64B0}"
EndProject
Project("{FAE04EC0-301F-11D3-BF4B-00C04F79EFBC}") = "dayEarning", "dayEarning\dayEarning.csproj", "{7A4974C7-FC83-44CF-861D-C0B467B2FC02}"
EndProject
Project("{FAE04EC0-301F-11D3-BF4B-00C04F79EFBC}") = "digits", "digits\digits.csproj", "{D1853FAE-89D1-4901-8CAC-4BB13D36A904}"
EndProject
Project("{FAE04EC0-301F-11D3-BF4B-00C04F79EFBC}") = "charity", "charity\charity.csproj", "{94C8428A-D5F0-4A34-A24D-076E48836FCE}"
EndProject
Project("{FAE04EC0-301F-11D3-BF4B-00C04F79EFBC}") = "swiming", "swiming\swiming.csproj", "{8FAC7F22-123C-4B8D-9847-2FEC23A5D978}"
EndProject
Project("{FAE04EC0-301F-11D3-BF4B-00C04F79EFBC}") = "coctails", "coctails\coctails.csproj", "{5FDE1A74-095D-481D-AB6C-CBA401B9A225}"
EndProject
Project("{FAE04EC0-301F-11D3-BF4B-00C04F79EFBC}") = "reward", "reward\reward.csproj", "{3F8A7E33-C0F1-4167-A5AB-312D2126A73A}"
EndProject
Project("{FAE04EC0-301F-11D3-BF4B-00C04F79EFBC}") = "camp", "camp\camp.csproj", "{13C9B4B4-FC7A-46B5-945D-547137887AAA}"
EndProject
Project("{FAE04EC0-301F-11D3-BF4B-00C04F79EFBC}") = "footbalStadium", "footbalStadium\footbalStadium.csproj", "{AB2E6491-8D2C-4B93-9237-4906300CEC1F}"
EndProject
Project("{FAE04EC0-301F-11D3-BF4B-00C04F79EFBC}") = "drawCrown", "drawCrown\drawCrown.csproj", "{640CB785-4154-449F-95EB-6A14498B0CE6}"
EndProject
Project("{FAE04EC0-301F-11D3-BF4B-00C04F79EFBC}") = "numbersGenerator", "numbersGenerator\numbersGenerator.csproj", "{773A7193-1618-428E-BC65-9F41757D1598}"
EndProject
Project("{FAE04EC0-301F-11D3-BF4B-00C04F79EFBC}") = "grape", "grape\grape.csproj", "{F70989FF-0AA7-49A4-A7FC-8A8090A852E3}"
EndProject
Project("{FAE04EC0-301F-11D3-BF4B-00C04F79EFBC}") = "styrofoam", "styrofoam\styrofoam.csproj", "{918BB20B-5684-47DB-9974-8E33F2EFBDC4}"
EndProject
Project("{FAE04EC0-301F-11D3-BF4B-00C04F79EFBC}") = "TruckDriver", "TruckDriver\TruckDriver.csproj", "{18946079-CCBC-4BA7-A784-4AF778E5A2F1}"
EndProject
Project("{FAE04EC0-301F-11D3-BF4B-00C04F79EFBC}") = "PokemonEvolution", "PokemonEvolution\PokemonEvolution.csproj", "{2CEBB260-6268-46CF-98AE-7B63CA4DE68C}"
EndProject
Project("{FAE04EC0-301F-11D3-BF4B-00C04F79EFBC}") = "PokEvo2", "PokEvo2\PokEvo2.csproj", "{7E0139F2-CA8F-4A63-8F60-DEEFC0C4C7DF}"
EndProject
Project("{FAE04EC0-301F-11D3-BF4B-00C04F79EFBC}") = "PokEvo3", "PokEvo3\PokEvo3.csproj", "{3EA59947-B1FF-4BB6-A5B0-9255206966A4}"
EndProject
Project("{FAE04EC0-301F-11D3-BF4B-00C04F79EFBC}") = "drawHouse", "drawHouse\drawHouse.csproj", "{65F5CBEC-A64C-4D15-9BF3-534CDEE0FCDA}"
EndProject
Project("{FAE04EC0-301F-11D3-BF4B-00C04F79EFBC}") = "drawDiamond", "drawDiamond\drawDiamond.csproj", "{28309BDA-0F32-40B4-B567-D21639E9C075}"
EndProject
Project("{FAE04EC0-301F-11D3-BF4B-00C04F79EFBC}") = "3step", "3step\3step.csproj", "{E1AECA7F-8C34-422E-816F-28787EA7B579}"
EndProject
Project("{FAE04EC0-301F-11D3-BF4B-00C04F79EFBC}") = "fibonach", "fibonach\fibonach.csproj", "{637156AD-03DD-4E56-B7F7-DC6DB227FD3B}"
EndProject
Project("{FAE04EC0-301F-11D3-BF4B-00C04F79EFBC}") = "enterEven", "enterEven\enterEven.csproj", "{B127C194-9A34-4692-977F-B7D18E654188}"
EndProject
Project("{FAE04EC0-301F-11D3-BF4B-00C04F79EFBC}") = "pyramid", "pyramid\pyramid.csproj", "{B204B636-ABEA-465D-9F59-F875B7F69398}"
EndProject
Project("{FAE04EC0-301F-11D3-BF4B-00C04F79EFBC}") = "table", "table\table.csproj", "{082CFEF8-44D0-4DAF-AF44-7DA2B9E66309}"
EndProject
Project("{FAE04EC0-301F-11D3-BF4B-00C04F79EFBC}") = "drawDiamond2", "drawDiamond2\drawDiamond2.csproj", "{F3252280-979B-46C2-A1D6-7AD9F5E0A4E5}"
EndProject
Project("{FAE04EC0-301F-11D3-BF4B-00C04F79EFBC}") = "drawFortress", "drawFortress\drawFortress.csproj", "{2F06ADDD-24A0-483C-BCCD-AAA777D52343}"
EndProject
Project("{FAE04EC0-301F-11D3-BF4B-00C04F79EFBC}") = "stupidPasswordGenerator", "stupidPasswordGenerator\stupidPasswordGenerator.csproj", "{271CFE82-24EB-416E-8D49-A62CA7147778}"
EndProject
Project("{FAE04EC0-301F-11D3-BF4B-00C04F79EFBC}") = "magicDate", "magicDate\magicDate.csproj", "{81D57F18-8951-40DA-82ED-EC7A3626CE9A}"
EndProject
Project("{FAE04EC0-301F-11D3-BF4B-00C04F79EFBC}") = "mall", "mall\mall.csproj", "{C0872FC8-C2D0-4269-BEE4-73DB6339B376}"
EndProject
Project("{FAE04EC0-301F-11D3-BF4B-00C04F79EFBC}") = "xExpression", "xExpression\xExpression.csproj", "{FF29B302-2D2B-4D77-BB6A-42A632628752}"
EndProject
Project("{FAE04EC0-301F-11D3-BF4B-00C04F79EFBC}") = "xPression2", "xPression2\xPression2.csproj", "{9F43A133-84D0-48F6-8472-B9757FD06C7A}"
EndProject
Project("{FAE04EC0-301F-11D3-BF4B-00C04F79EFBC}") = "drawParalelipiped", "BullsAndCows\drawParalelipiped.csproj", "{DC7C768B-12BA-460C-B06A-888AB65AAA67}"
EndProject
Project("{FAE04EC0-301F-11D3-BF4B-00C04F79EFBC}") = "controlNumber", "controlNumber\controlNumber.csproj", "{1C394D5D-67C7-430E-A3C5-56AC904A83F8}"
EndProject
Project("{FAE04EC0-301F-11D3-BF4B-00C04F79EFBC}") = "monthExpenses", "monthExpenses\monthExpenses.csproj", "{BBF339F8-ED04-4E17-AFC3-EDBEBE5E57C2}"
EndProject
Project("{FAE04EC0-301F-11D3-BF4B-00C04F79EFBC}") = "trainers", "trainers\trainers.csproj", "{2051974B-62AC-4905-BDBC-1E8C0426F9CA}"
EndProject
Global
	GlobalSection(SolutionConfigurationPlatforms) = preSolution
		Debug|Any CPU = Debug|Any CPU
		Release|Any CPU = Release|Any CPU
	EndGlobalSection
	GlobalSection(ProjectConfigurationPlatforms) = postSolution
		{85A43BB0-5033-44FE-8A56-64A67BBBE280}.Debug|Any CPU.ActiveCfg = Debug|Any CPU
		{85A43BB0-5033-44FE-8A56-64A67BBBE280}.Debug|Any CPU.Build.0 = Debug|Any CPU
		{85A43BB0-5033-44FE-8A56-64A67BBBE280}.Release|Any CPU.ActiveCfg = Release|Any CPU
		{85A43BB0-5033-44FE-8A56-64A67BBBE280}.Release|Any CPU.Build.0 = Release|Any CPU
		{49C1E20B-A268-4251-9422-6E7D45F09EE0}.Debug|Any CPU.ActiveCfg = Debug|Any CPU
		{49C1E20B-A268-4251-9422-6E7D45F09EE0}.Debug|Any CPU.Build.0 = Debug|Any CPU
		{49C1E20B-A268-4251-9422-6E7D45F09EE0}.Release|Any CPU.ActiveCfg = Release|Any CPU
		{49C1E20B-A268-4251-9422-6E7D45F09EE0}.Release|Any CPU.Build.0 = Release|Any CPU
		{20365E22-8B28-4433-B6CE-BD3ECE463853}.Debug|Any CPU.ActiveCfg = Debug|Any CPU
		{20365E22-8B28-4433-B6CE-BD3ECE463853}.Debug|Any CPU.Build.0 = Debug|Any CPU
		{20365E22-8B28-4433-B6CE-BD3ECE463853}.Release|Any CPU.ActiveCfg = Release|Any CPU
		{20365E22-8B28-4433-B6CE-BD3ECE463853}.Release|Any CPU.Build.0 = Release|Any CPU
		{571095B8-10A7-4DA0-B63B-962A93BE64B0}.Debug|Any CPU.ActiveCfg = Debug|Any CPU
		{571095B8-10A7-4DA0-B63B-962A93BE64B0}.Debug|Any CPU.Build.0 = Debug|Any CPU
		{571095B8-10A7-4DA0-B63B-962A93BE64B0}.Release|Any CPU.ActiveCfg = Release|Any CPU
		{571095B8-10A7-4DA0-B63B-962A93BE64B0}.Release|Any CPU.Build.0 = Release|Any CPU
		{7A4974C7-FC83-44CF-861D-C0B467B2FC02}.Debug|Any CPU.ActiveCfg = Debug|Any CPU
		{7A4974C7-FC83-44CF-861D-C0B467B2FC02}.Debug|Any CPU.Build.0 = Debug|Any CPU
		{7A4974C7-FC83-44CF-861D-C0B467B2FC02}.Release|Any CPU.ActiveCfg = Release|Any CPU
		{7A4974C7-FC83-44CF-861D-C0B467B2FC02}.Release|Any CPU.Build.0 = Release|Any CPU
		{D1853FAE-89D1-4901-8CAC-4BB13D36A904}.Debug|Any CPU.ActiveCfg = Debug|Any CPU
		{D1853FAE-89D1-4901-8CAC-4BB13D36A904}.Debug|Any CPU.Build.0 = Debug|Any CPU
		{D1853FAE-89D1-4901-8CAC-4BB13D36A904}.Release|Any CPU.ActiveCfg = Release|Any CPU
		{D1853FAE-89D1-4901-8CAC-4BB13D36A904}.Release|Any CPU.Build.0 = Release|Any CPU
		{94C8428A-D5F0-4A34-A24D-076E48836FCE}.Debug|Any CPU.ActiveCfg = Debug|Any CPU
		{94C8428A-D5F0-4A34-A24D-076E48836FCE}.Debug|Any CPU.Build.0 = Debug|Any CPU
		{94C8428A-D5F0-4A34-A24D-076E48836FCE}.Release|Any CPU.ActiveCfg = Release|Any CPU
		{94C8428A-D5F0-4A34-A24D-076E48836FCE}.Release|Any CPU.Build.0 = Release|Any CPU
		{8FAC7F22-123C-4B8D-9847-2FEC23A5D978}.Debug|Any CPU.ActiveCfg = Debug|Any CPU
		{8FAC7F22-123C-4B8D-9847-2FEC23A5D978}.Debug|Any CPU.Build.0 = Debug|Any CPU
		{8FAC7F22-123C-4B8D-9847-2FEC23A5D978}.Release|Any CPU.ActiveCfg = Release|Any CPU
		{8FAC7F22-123C-4B8D-9847-2FEC23A5D978}.Release|Any CPU.Build.0 = Release|Any CPU
		{5FDE1A74-095D-481D-AB6C-CBA401B9A225}.Debug|Any CPU.ActiveCfg = Debug|Any CPU
		{5FDE1A74-095D-481D-AB6C-CBA401B9A225}.Debug|Any CPU.Build.0 = Debug|Any CPU
		{5FDE1A74-095D-481D-AB6C-CBA401B9A225}.Release|Any CPU.ActiveCfg = Release|Any CPU
		{5FDE1A74-095D-481D-AB6C-CBA401B9A225}.Release|Any CPU.Build.0 = Release|Any CPU
		{3F8A7E33-C0F1-4167-A5AB-312D2126A73A}.Debug|Any CPU.ActiveCfg = Debug|Any CPU
		{3F8A7E33-C0F1-4167-A5AB-312D2126A73A}.Debug|Any CPU.Build.0 = Debug|Any CPU
		{3F8A7E33-C0F1-4167-A5AB-312D2126A73A}.Release|Any CPU.ActiveCfg = Release|Any CPU
		{3F8A7E33-C0F1-4167-A5AB-312D2126A73A}.Release|Any CPU.Build.0 = Release|Any CPU
		{13C9B4B4-FC7A-46B5-945D-547137887AAA}.Debug|Any CPU.ActiveCfg = Debug|Any CPU
		{13C9B4B4-FC7A-46B5-945D-547137887AAA}.Debug|Any CPU.Build.0 = Debug|Any CPU
		{13C9B4B4-FC7A-46B5-945D-547137887AAA}.Release|Any CPU.ActiveCfg = Release|Any CPU
		{13C9B4B4-FC7A-46B5-945D-547137887AAA}.Release|Any CPU.Build.0 = Release|Any CPU
		{AB2E6491-8D2C-4B93-9237-4906300CEC1F}.Debug|Any CPU.ActiveCfg = Debug|Any CPU
		{AB2E6491-8D2C-4B93-9237-4906300CEC1F}.Debug|Any CPU.Build.0 = Debug|Any CPU
		{AB2E6491-8D2C-4B93-9237-4906300CEC1F}.Release|Any CPU.ActiveCfg = Release|Any CPU
		{AB2E6491-8D2C-4B93-9237-4906300CEC1F}.Release|Any CPU.Build.0 = Release|Any CPU
		{640CB785-4154-449F-95EB-6A14498B0CE6}.Debug|Any CPU.ActiveCfg = Debug|Any CPU
		{640CB785-4154-449F-95EB-6A14498B0CE6}.Debug|Any CPU.Build.0 = Debug|Any CPU
		{640CB785-4154-449F-95EB-6A14498B0CE6}.Release|Any CPU.ActiveCfg = Release|Any CPU
		{640CB785-4154-449F-95EB-6A14498B0CE6}.Release|Any CPU.Build.0 = Release|Any CPU
		{773A7193-1618-428E-BC65-9F41757D1598}.Debug|Any CPU.ActiveCfg = Debug|Any CPU
		{773A7193-1618-428E-BC65-9F41757D1598}.Debug|Any CPU.Build.0 = Debug|Any CPU
		{773A7193-1618-428E-BC65-9F41757D1598}.Release|Any CPU.ActiveCfg = Release|Any CPU
		{773A7193-1618-428E-BC65-9F41757D1598}.Release|Any CPU.Build.0 = Release|Any CPU
		{F70989FF-0AA7-49A4-A7FC-8A8090A852E3}.Debug|Any CPU.ActiveCfg = Debug|Any CPU
		{F70989FF-0AA7-49A4-A7FC-8A8090A852E3}.Debug|Any CPU.Build.0 = Debug|Any CPU
		{F70989FF-0AA7-49A4-A7FC-8A8090A852E3}.Release|Any CPU.ActiveCfg = Release|Any CPU
		{F70989FF-0AA7-49A4-A7FC-8A8090A852E3}.Release|Any CPU.Build.0 = Release|Any CPU
		{918BB20B-5684-47DB-9974-8E33F2EFBDC4}.Debug|Any CPU.ActiveCfg = Debug|Any CPU
		{918BB20B-5684-47DB-9974-8E33F2EFBDC4}.Debug|Any CPU.Build.0 = Debug|Any CPU
		{918BB20B-5684-47DB-9974-8E33F2EFBDC4}.Release|Any CPU.ActiveCfg = Release|Any CPU
		{918BB20B-5684-47DB-9974-8E33F2EFBDC4}.Release|Any CPU.Build.0 = Release|Any CPU
		{18946079-CCBC-4BA7-A784-4AF778E5A2F1}.Debug|Any CPU.ActiveCfg = Debug|Any CPU
		{18946079-CCBC-4BA7-A784-4AF778E5A2F1}.Debug|Any CPU.Build.0 = Debug|Any CPU
		{18946079-CCBC-4BA7-A784-4AF778E5A2F1}.Release|Any CPU.ActiveCfg = Release|Any CPU
		{18946079-CCBC-4BA7-A784-4AF778E5A2F1}.Release|Any CPU.Build.0 = Release|Any CPU
		{2CEBB260-6268-46CF-98AE-7B63CA4DE68C}.Debug|Any CPU.ActiveCfg = Debug|Any CPU
		{2CEBB260-6268-46CF-98AE-7B63CA4DE68C}.Debug|Any CPU.Build.0 = Debug|Any CPU
		{2CEBB260-6268-46CF-98AE-7B63CA4DE68C}.Release|Any CPU.ActiveCfg = Release|Any CPU
		{2CEBB260-6268-46CF-98AE-7B63CA4DE68C}.Release|Any CPU.Build.0 = Release|Any CPU
		{7E0139F2-CA8F-4A63-8F60-DEEFC0C4C7DF}.Debug|Any CPU.ActiveCfg = Debug|Any CPU
		{7E0139F2-CA8F-4A63-8F60-DEEFC0C4C7DF}.Debug|Any CPU.Build.0 = Debug|Any CPU
		{7E0139F2-CA8F-4A63-8F60-DEEFC0C4C7DF}.Release|Any CPU.ActiveCfg = Release|Any CPU
		{7E0139F2-CA8F-4A63-8F60-DEEFC0C4C7DF}.Release|Any CPU.Build.0 = Release|Any CPU
		{3EA59947-B1FF-4BB6-A5B0-9255206966A4}.Debug|Any CPU.ActiveCfg = Debug|Any CPU
		{3EA59947-B1FF-4BB6-A5B0-9255206966A4}.Debug|Any CPU.Build.0 = Debug|Any CPU
		{3EA59947-B1FF-4BB6-A5B0-9255206966A4}.Release|Any CPU.ActiveCfg = Release|Any CPU
		{3EA59947-B1FF-4BB6-A5B0-9255206966A4}.Release|Any CPU.Build.0 = Release|Any CPU
		{65F5CBEC-A64C-4D15-9BF3-534CDEE0FCDA}.Debug|Any CPU.ActiveCfg = Debug|Any CPU
		{65F5CBEC-A64C-4D15-9BF3-534CDEE0FCDA}.Debug|Any CPU.Build.0 = Debug|Any CPU
		{65F5CBEC-A64C-4D15-9BF3-534CDEE0FCDA}.Release|Any CPU.ActiveCfg = Release|Any CPU
		{65F5CBEC-A64C-4D15-9BF3-534CDEE0FCDA}.Release|Any CPU.Build.0 = Release|Any CPU
		{28309BDA-0F32-40B4-B567-D21639E9C075}.Debug|Any CPU.ActiveCfg = Debug|Any CPU
		{28309BDA-0F32-40B4-B567-D21639E9C075}.Debug|Any CPU.Build.0 = Debug|Any CPU
		{28309BDA-0F32-40B4-B567-D21639E9C075}.Release|Any CPU.ActiveCfg = Release|Any CPU
		{28309BDA-0F32-40B4-B567-D21639E9C075}.Release|Any CPU.Build.0 = Release|Any CPU
		{E1AECA7F-8C34-422E-816F-28787EA7B579}.Debug|Any CPU.ActiveCfg = Debug|Any CPU
		{E1AECA7F-8C34-422E-816F-28787EA7B579}.Debug|Any CPU.Build.0 = Debug|Any CPU
		{E1AECA7F-8C34-422E-816F-28787EA7B579}.Release|Any CPU.ActiveCfg = Release|Any CPU
		{E1AECA7F-8C34-422E-816F-28787EA7B579}.Release|Any CPU.Build.0 = Release|Any CPU
		{637156AD-03DD-4E56-B7F7-DC6DB227FD3B}.Debug|Any CPU.ActiveCfg = Debug|Any CPU
		{637156AD-03DD-4E56-B7F7-DC6DB227FD3B}.Debug|Any CPU.Build.0 = Debug|Any CPU
		{637156AD-03DD-4E56-B7F7-DC6DB227FD3B}.Release|Any CPU.ActiveCfg = Release|Any CPU
		{637156AD-03DD-4E56-B7F7-DC6DB227FD3B}.Release|Any CPU.Build.0 = Release|Any CPU
		{B127C194-9A34-4692-977F-B7D18E654188}.Debug|Any CPU.ActiveCfg = Debug|Any CPU
		{B127C194-9A34-4692-977F-B7D18E654188}.Debug|Any CPU.Build.0 = Debug|Any CPU
		{B127C194-9A34-4692-977F-B7D18E654188}.Release|Any CPU.ActiveCfg = Release|Any CPU
		{B127C194-9A34-4692-977F-B7D18E654188}.Release|Any CPU.Build.0 = Release|Any CPU
		{B204B636-ABEA-465D-9F59-F875B7F69398}.Debug|Any CPU.ActiveCfg = Debug|Any CPU
		{B204B636-ABEA-465D-9F59-F875B7F69398}.Debug|Any CPU.Build.0 = Debug|Any CPU
		{B204B636-ABEA-465D-9F59-F875B7F69398}.Release|Any CPU.ActiveCfg = Release|Any CPU
		{B204B636-ABEA-465D-9F59-F875B7F69398}.Release|Any CPU.Build.0 = Release|Any CPU
		{082CFEF8-44D0-4DAF-AF44-7DA2B9E66309}.Debug|Any CPU.ActiveCfg = Debug|Any CPU
		{082CFEF8-44D0-4DAF-AF44-7DA2B9E66309}.Debug|Any CPU.Build.0 = Debug|Any CPU
		{082CFEF8-44D0-4DAF-AF44-7DA2B9E66309}.Release|Any CPU.ActiveCfg = Release|Any CPU
		{082CFEF8-44D0-4DAF-AF44-7DA2B9E66309}.Release|Any CPU.Build.0 = Release|Any CPU
		{F3252280-979B-46C2-A1D6-7AD9F5E0A4E5}.Debug|Any CPU.ActiveCfg = Debug|Any CPU
		{F3252280-979B-46C2-A1D6-7AD9F5E0A4E5}.Debug|Any CPU.Build.0 = Debug|Any CPU
		{F3252280-979B-46C2-A1D6-7AD9F5E0A4E5}.Release|Any CPU.ActiveCfg = Release|Any CPU
		{F3252280-979B-46C2-A1D6-7AD9F5E0A4E5}.Release|Any CPU.Build.0 = Release|Any CPU
		{2F06ADDD-24A0-483C-BCCD-AAA777D52343}.Debug|Any CPU.ActiveCfg = Debug|Any CPU
		{2F06ADDD-24A0-483C-BCCD-AAA777D52343}.Debug|Any CPU.Build.0 = Debug|Any CPU
		{2F06ADDD-24A0-483C-BCCD-AAA777D52343}.Release|Any CPU.ActiveCfg = Release|Any CPU
		{2F06ADDD-24A0-483C-BCCD-AAA777D52343}.Release|Any CPU.Build.0 = Release|Any CPU
		{271CFE82-24EB-416E-8D49-A62CA7147778}.Debug|Any CPU.ActiveCfg = Debug|Any CPU
		{271CFE82-24EB-416E-8D49-A62CA7147778}.Debug|Any CPU.Build.0 = Debug|Any CPU
		{271CFE82-24EB-416E-8D49-A62CA7147778}.Release|Any CPU.ActiveCfg = Release|Any CPU
		{271CFE82-24EB-416E-8D49-A62CA7147778}.Release|Any CPU.Build.0 = Release|Any CPU
		{81D57F18-8951-40DA-82ED-EC7A3626CE9A}.Debug|Any CPU.ActiveCfg = Debug|Any CPU
		{81D57F18-8951-40DA-82ED-EC7A3626CE9A}.Debug|Any CPU.Build.0 = Debug|Any CPU
		{81D57F18-8951-40DA-82ED-EC7A3626CE9A}.Release|Any CPU.ActiveCfg = Release|Any CPU
		{81D57F18-8951-40DA-82ED-EC7A3626CE9A}.Release|Any CPU.Build.0 = Release|Any CPU
		{C0872FC8-C2D0-4269-BEE4-73DB6339B376}.Debug|Any CPU.ActiveCfg = Debug|Any CPU
		{C0872FC8-C2D0-4269-BEE4-73DB6339B376}.Debug|Any CPU.Build.0 = Debug|Any CPU
		{C0872FC8-C2D0-4269-BEE4-73DB6339B376}.Release|Any CPU.ActiveCfg = Release|Any CPU
		{C0872FC8-C2D0-4269-BEE4-73DB6339B376}.Release|Any CPU.Build.0 = Release|Any CPU
		{FF29B302-2D2B-4D77-BB6A-42A632628752}.Debug|Any CPU.ActiveCfg = Debug|Any CPU
		{FF29B302-2D2B-4D77-BB6A-42A632628752}.Debug|Any CPU.Build.0 = Debug|Any CPU
		{FF29B302-2D2B-4D77-BB6A-42A632628752}.Release|Any CPU.ActiveCfg = Release|Any CPU
		{FF29B302-2D2B-4D77-BB6A-42A632628752}.Release|Any CPU.Build.0 = Release|Any CPU
		{9F43A133-84D0-48F6-8472-B9757FD06C7A}.Debug|Any CPU.ActiveCfg = Debug|Any CPU
		{9F43A133-84D0-48F6-8472-B9757FD06C7A}.Debug|Any CPU.Build.0 = Debug|Any CPU
		{9F43A133-84D0-48F6-8472-B9757FD06C7A}.Release|Any CPU.ActiveCfg = Release|Any CPU
		{9F43A133-84D0-48F6-8472-B9757FD06C7A}.Release|Any CPU.Build.0 = Release|Any CPU
		{DC7C768B-12BA-460C-B06A-888AB65AAA67}.Debug|Any CPU.ActiveCfg = Debug|Any CPU
		{DC7C768B-12BA-460C-B06A-888AB65AAA67}.Debug|Any CPU.Build.0 = Debug|Any CPU
		{DC7C768B-12BA-460C-B06A-888AB65AAA67}.Release|Any CPU.ActiveCfg = Release|Any CPU
		{DC7C768B-12BA-460C-B06A-888AB65AAA67}.Release|Any CPU.Build.0 = Release|Any CPU
		{1C394D5D-67C7-430E-A3C5-56AC904A83F8}.Debug|Any CPU.ActiveCfg = Debug|Any CPU
		{1C394D5D-67C7-430E-A3C5-56AC904A83F8}.Debug|Any CPU.Build.0 = Debug|Any CPU
		{1C394D5D-67C7-430E-A3C5-56AC904A83F8}.Release|Any CPU.ActiveCfg = Release|Any CPU
		{1C394D5D-67C7-430E-A3C5-56AC904A83F8}.Release|Any CPU.Build.0 = Release|Any CPU
		{BBF339F8-ED04-4E17-AFC3-EDBEBE5E57C2}.Debug|Any CPU.ActiveCfg = Debug|Any CPU
		{BBF339F8-ED04-4E17-AFC3-EDBEBE5E57C2}.Debug|Any CPU.Build.0 = Debug|Any CPU
		{BBF339F8-ED04-4E17-AFC3-EDBEBE5E57C2}.Release|Any CPU.ActiveCfg = Release|Any CPU
		{BBF339F8-ED04-4E17-AFC3-EDBEBE5E57C2}.Release|Any CPU.Build.0 = Release|Any CPU
		{2051974B-62AC-4905-BDBC-1E8C0426F9CA}.Debug|Any CPU.ActiveCfg = Debug|Any CPU
		{2051974B-62AC-4905-BDBC-1E8C0426F9CA}.Debug|Any CPU.Build.0 = Debug|Any CPU
		{2051974B-62AC-4905-BDBC-1E8C0426F9CA}.Release|Any CPU.ActiveCfg = Release|Any CPU
		{2051974B-62AC-4905-BDBC-1E8C0426F9CA}.Release|Any CPU.Build.0 = Release|Any CPU
	EndGlobalSection
	GlobalSection(SolutionProperties) = preSolution
		HideSolutionNode = FALSE
	EndGlobalSection
EndGlobal
