
Microsoft Visual Studio Solution File, Format Version 12.00
# Visual Studio 14
VisualStudioVersion = 14.0.25123.0
MinimumVisualStudioVersion = 10.0.40219.1
Project("{FAE04EC0-301F-11D3-BF4B-00C04F79EFBC}") = "1", "1\1.csproj", "{EDD20F66-9425-476A-A86B-6F7C290D2987}"
EndProject
Project("{FAE04EC0-301F-11D3-BF4B-00C04F79EFBC}") = "2", "2\2.csproj", "{E16595F4-1BF1-4DD9-8110-0529AA9F45EB}"
EndProject
Project("{FAE04EC0-301F-11D3-BF4B-00C04F79EFBC}") = "3", "3\3.csproj", "{E08DACF2-82D1-4E30-9524-B3D2D26B6124}"
EndProject
Project("{FAE04EC0-301F-11D3-BF4B-00C04F79EFBC}") = "4", "4\4.csproj", "{23A79FAA-DB7A-40DA-8388-3B8080A4C803}"
EndProject
Project("{FAE04EC0-301F-11D3-BF4B-00C04F79EFBC}") = "5", "5\5.csproj", "{16DE5CAE-8F15-41EA-B0AB-77F8A35C9F5F}"
EndProject
Project("{FAE04EC0-301F-11D3-BF4B-00C04F79EFBC}") = "6", "6\6.csproj", "{C9618CD7-30E3-4848-BCA5-315BA090410A}"
EndProject
Project("{FAE04EC0-301F-11D3-BF4B-00C04F79EFBC}") = "7", "7\7.csproj", "{BC5E828D-6C50-43E3-B4BE-DD11F118F74E}"
EndProject
Project("{FAE04EC0-301F-11D3-BF4B-00C04F79EFBC}") = "8", "8\8.csproj", "{60E0149B-3A30-4EC1-92E9-B79CD8ADC48B}"
EndProject
Project("{FAE04EC0-301F-11D3-BF4B-00C04F79EFBC}") = "findLargesSeq", "9\findLargesSeq.csproj", "{807742E8-38E5-4AFC-9EFD-496CA7A018D6}"
EndProject
Project("{FAE04EC0-301F-11D3-BF4B-00C04F79EFBC}") = "9_1", "9_1\9_1.csproj", "{58A971AA-F39B-48A6-B95F-41EFE11A9158}"
EndProject
Project("{FAE04EC0-301F-11D3-BF4B-00C04F79EFBC}") = "11", "11\11.csproj", "{FD9A9D09-D571-4BA0-A1EF-5A119FB09BDC}"
EndProject
Project("{FAE04EC0-301F-11D3-BF4B-00C04F79EFBC}") = "13", "13\13.csproj", "{BE21008C-59AD-47D6-83C1-5E610AC796E8}"
EndProject
Project("{FAE04EC0-301F-11D3-BF4B-00C04F79EFBC}") = "15", "15\15.csproj", "{F4598430-7E17-445A-BB98-572282A3EF42}"
EndProject
Project("{FAE04EC0-301F-11D3-BF4B-00C04F79EFBC}") = "16", "16\16.csproj", "{B8A3735C-6017-4286-AF98-11A4058E1D6A}"
EndProject
Project("{FAE04EC0-301F-11D3-BF4B-00C04F79EFBC}") = "17", "17\17.csproj", "{4C9FBB33-706A-4A7C-800E-5DEA5AAFBD93}"
EndProject
Project("{FAE04EC0-301F-11D3-BF4B-00C04F79EFBC}") = "18", "18\18.csproj", "{4E59F3EF-9727-41BA-9E81-3CF95336E196}"
EndProject
Project("{FAE04EC0-301F-11D3-BF4B-00C04F79EFBC}") = "19", "19\19.csproj", "{752FF765-6002-4F9A-8236-74060F168A2D}"
EndProject
Project("{FAE04EC0-301F-11D3-BF4B-00C04F79EFBC}") = "20", "20\20.csproj", "{DEF26BE5-FF09-430E-AB8A-3B3783C330DF}"
EndProject
Project("{FAE04EC0-301F-11D3-BF4B-00C04F79EFBC}") = "21", "21\21.csproj", "{D798ED26-FD0A-4CF1-A7F6-72A1A58E3765}"
EndProject
Project("{FAE04EC0-301F-11D3-BF4B-00C04F79EFBC}") = "22", "22\22.csproj", "{087DD2D3-F1B7-409F-8E7B-24792323C435}"
EndProject
Global
	GlobalSection(SolutionConfigurationPlatforms) = preSolution
		Debug|Any CPU = Debug|Any CPU
		Release|Any CPU = Release|Any CPU
	EndGlobalSection
	GlobalSection(ProjectConfigurationPlatforms) = postSolution
		{EDD20F66-9425-476A-A86B-6F7C290D2987}.Debug|Any CPU.ActiveCfg = Debug|Any CPU
		{EDD20F66-9425-476A-A86B-6F7C290D2987}.Debug|Any CPU.Build.0 = Debug|Any CPU
		{EDD20F66-9425-476A-A86B-6F7C290D2987}.Release|Any CPU.ActiveCfg = Release|Any CPU
		{EDD20F66-9425-476A-A86B-6F7C290D2987}.Release|Any CPU.Build.0 = Release|Any CPU
		{E16595F4-1BF1-4DD9-8110-0529AA9F45EB}.Debug|Any CPU.ActiveCfg = Debug|Any CPU
		{E16595F4-1BF1-4DD9-8110-0529AA9F45EB}.Debug|Any CPU.Build.0 = Debug|Any CPU
		{E16595F4-1BF1-4DD9-8110-0529AA9F45EB}.Release|Any CPU.ActiveCfg = Release|Any CPU
		{E16595F4-1BF1-4DD9-8110-0529AA9F45EB}.Release|Any CPU.Build.0 = Release|Any CPU
		{E08DACF2-82D1-4E30-9524-B3D2D26B6124}.Debug|Any CPU.ActiveCfg = Debug|Any CPU
		{E08DACF2-82D1-4E30-9524-B3D2D26B6124}.Debug|Any CPU.Build.0 = Debug|Any CPU
		{E08DACF2-82D1-4E30-9524-B3D2D26B6124}.Release|Any CPU.ActiveCfg = Release|Any CPU
		{E08DACF2-82D1-4E30-9524-B3D2D26B6124}.Release|Any CPU.Build.0 = Release|Any CPU
		{23A79FAA-DB7A-40DA-8388-3B8080A4C803}.Debug|Any CPU.ActiveCfg = Debug|Any CPU
		{23A79FAA-DB7A-40DA-8388-3B8080A4C803}.Debug|Any CPU.Build.0 = Debug|Any CPU
		{23A79FAA-DB7A-40DA-8388-3B8080A4C803}.Release|Any CPU.ActiveCfg = Release|Any CPU
		{23A79FAA-DB7A-40DA-8388-3B8080A4C803}.Release|Any CPU.Build.0 = Release|Any CPU
		{16DE5CAE-8F15-41EA-B0AB-77F8A35C9F5F}.Debug|Any CPU.ActiveCfg = Debug|Any CPU
		{16DE5CAE-8F15-41EA-B0AB-77F8A35C9F5F}.Debug|Any CPU.Build.0 = Debug|Any CPU
		{16DE5CAE-8F15-41EA-B0AB-77F8A35C9F5F}.Release|Any CPU.ActiveCfg = Release|Any CPU
		{16DE5CAE-8F15-41EA-B0AB-77F8A35C9F5F}.Release|Any CPU.Build.0 = Release|Any CPU
		{C9618CD7-30E3-4848-BCA5-315BA090410A}.Debug|Any CPU.ActiveCfg = Debug|Any CPU
		{C9618CD7-30E3-4848-BCA5-315BA090410A}.Debug|Any CPU.Build.0 = Debug|Any CPU
		{C9618CD7-30E3-4848-BCA5-315BA090410A}.Release|Any CPU.ActiveCfg = Release|Any CPU
		{C9618CD7-30E3-4848-BCA5-315BA090410A}.Release|Any CPU.Build.0 = Release|Any CPU
		{BC5E828D-6C50-43E3-B4BE-DD11F118F74E}.Debug|Any CPU.ActiveCfg = Debug|Any CPU
		{BC5E828D-6C50-43E3-B4BE-DD11F118F74E}.Debug|Any CPU.Build.0 = Debug|Any CPU
		{BC5E828D-6C50-43E3-B4BE-DD11F118F74E}.Release|Any CPU.ActiveCfg = Release|Any CPU
		{BC5E828D-6C50-43E3-B4BE-DD11F118F74E}.Release|Any CPU.Build.0 = Release|Any CPU
		{60E0149B-3A30-4EC1-92E9-B79CD8ADC48B}.Debug|Any CPU.ActiveCfg = Debug|Any CPU
		{60E0149B-3A30-4EC1-92E9-B79CD8ADC48B}.Debug|Any CPU.Build.0 = Debug|Any CPU
		{60E0149B-3A30-4EC1-92E9-B79CD8ADC48B}.Release|Any CPU.ActiveCfg = Release|Any CPU
		{60E0149B-3A30-4EC1-92E9-B79CD8ADC48B}.Release|Any CPU.Build.0 = Release|Any CPU
		{807742E8-38E5-4AFC-9EFD-496CA7A018D6}.Debug|Any CPU.ActiveCfg = Debug|Any CPU
		{807742E8-38E5-4AFC-9EFD-496CA7A018D6}.Debug|Any CPU.Build.0 = Debug|Any CPU
		{807742E8-38E5-4AFC-9EFD-496CA7A018D6}.Release|Any CPU.ActiveCfg = Release|Any CPU
		{807742E8-38E5-4AFC-9EFD-496CA7A018D6}.Release|Any CPU.Build.0 = Release|Any CPU
		{58A971AA-F39B-48A6-B95F-41EFE11A9158}.Debug|Any CPU.ActiveCfg = Debug|Any CPU
		{58A971AA-F39B-48A6-B95F-41EFE11A9158}.Debug|Any CPU.Build.0 = Debug|Any CPU
		{58A971AA-F39B-48A6-B95F-41EFE11A9158}.Release|Any CPU.ActiveCfg = Release|Any CPU
		{58A971AA-F39B-48A6-B95F-41EFE11A9158}.Release|Any CPU.Build.0 = Release|Any CPU
		{FD9A9D09-D571-4BA0-A1EF-5A119FB09BDC}.Debug|Any CPU.ActiveCfg = Debug|Any CPU
		{FD9A9D09-D571-4BA0-A1EF-5A119FB09BDC}.Debug|Any CPU.Build.0 = Debug|Any CPU
		{FD9A9D09-D571-4BA0-A1EF-5A119FB09BDC}.Release|Any CPU.ActiveCfg = Release|Any CPU
		{FD9A9D09-D571-4BA0-A1EF-5A119FB09BDC}.Release|Any CPU.Build.0 = Release|Any CPU
		{BE21008C-59AD-47D6-83C1-5E610AC796E8}.Debug|Any CPU.ActiveCfg = Debug|Any CPU
		{BE21008C-59AD-47D6-83C1-5E610AC796E8}.Debug|Any CPU.Build.0 = Debug|Any CPU
		{BE21008C-59AD-47D6-83C1-5E610AC796E8}.Release|Any CPU.ActiveCfg = Release|Any CPU
		{BE21008C-59AD-47D6-83C1-5E610AC796E8}.Release|Any CPU.Build.0 = Release|Any CPU
		{F4598430-7E17-445A-BB98-572282A3EF42}.Debug|Any CPU.ActiveCfg = Debug|Any CPU
		{F4598430-7E17-445A-BB98-572282A3EF42}.Debug|Any CPU.Build.0 = Debug|Any CPU
		{F4598430-7E17-445A-BB98-572282A3EF42}.Release|Any CPU.ActiveCfg = Release|Any CPU
		{F4598430-7E17-445A-BB98-572282A3EF42}.Release|Any CPU.Build.0 = Release|Any CPU
		{B8A3735C-6017-4286-AF98-11A4058E1D6A}.Debug|Any CPU.ActiveCfg = Debug|Any CPU
		{B8A3735C-6017-4286-AF98-11A4058E1D6A}.Debug|Any CPU.Build.0 = Debug|Any CPU
		{B8A3735C-6017-4286-AF98-11A4058E1D6A}.Release|Any CPU.ActiveCfg = Release|Any CPU
		{B8A3735C-6017-4286-AF98-11A4058E1D6A}.Release|Any CPU.Build.0 = Release|Any CPU
		{4C9FBB33-706A-4A7C-800E-5DEA5AAFBD93}.Debug|Any CPU.ActiveCfg = Debug|Any CPU
		{4C9FBB33-706A-4A7C-800E-5DEA5AAFBD93}.Debug|Any CPU.Build.0 = Debug|Any CPU
		{4C9FBB33-706A-4A7C-800E-5DEA5AAFBD93}.Release|Any CPU.ActiveCfg = Release|Any CPU
		{4C9FBB33-706A-4A7C-800E-5DEA5AAFBD93}.Release|Any CPU.Build.0 = Release|Any CPU
		{4E59F3EF-9727-41BA-9E81-3CF95336E196}.Debug|Any CPU.ActiveCfg = Debug|Any CPU
		{4E59F3EF-9727-41BA-9E81-3CF95336E196}.Debug|Any CPU.Build.0 = Debug|Any CPU
		{4E59F3EF-9727-41BA-9E81-3CF95336E196}.Release|Any CPU.ActiveCfg = Release|Any CPU
		{4E59F3EF-9727-41BA-9E81-3CF95336E196}.Release|Any CPU.Build.0 = Release|Any CPU
		{752FF765-6002-4F9A-8236-74060F168A2D}.Debug|Any CPU.ActiveCfg = Debug|Any CPU
		{752FF765-6002-4F9A-8236-74060F168A2D}.Debug|Any CPU.Build.0 = Debug|Any CPU
		{752FF765-6002-4F9A-8236-74060F168A2D}.Release|Any CPU.ActiveCfg = Release|Any CPU
		{752FF765-6002-4F9A-8236-74060F168A2D}.Release|Any CPU.Build.0 = Release|Any CPU
		{DEF26BE5-FF09-430E-AB8A-3B3783C330DF}.Debug|Any CPU.ActiveCfg = Debug|Any CPU
		{DEF26BE5-FF09-430E-AB8A-3B3783C330DF}.Debug|Any CPU.Build.0 = Debug|Any CPU
		{DEF26BE5-FF09-430E-AB8A-3B3783C330DF}.Release|Any CPU.ActiveCfg = Release|Any CPU
		{DEF26BE5-FF09-430E-AB8A-3B3783C330DF}.Release|Any CPU.Build.0 = Release|Any CPU
		{D798ED26-FD0A-4CF1-A7F6-72A1A58E3765}.Debug|Any CPU.ActiveCfg = Debug|Any CPU
		{D798ED26-FD0A-4CF1-A7F6-72A1A58E3765}.Debug|Any CPU.Build.0 = Debug|Any CPU
		{D798ED26-FD0A-4CF1-A7F6-72A1A58E3765}.Release|Any CPU.ActiveCfg = Release|Any CPU
		{D798ED26-FD0A-4CF1-A7F6-72A1A58E3765}.Release|Any CPU.Build.0 = Release|Any CPU
		{087DD2D3-F1B7-409F-8E7B-24792323C435}.Debug|Any CPU.ActiveCfg = Debug|Any CPU
		{087DD2D3-F1B7-409F-8E7B-24792323C435}.Debug|Any CPU.Build.0 = Debug|Any CPU
		{087DD2D3-F1B7-409F-8E7B-24792323C435}.Release|Any CPU.ActiveCfg = Release|Any CPU
		{087DD2D3-F1B7-409F-8E7B-24792323C435}.Release|Any CPU.Build.0 = Release|Any CPU
	EndGlobalSection
	GlobalSection(SolutionProperties) = preSolution
		HideSolutionNode = FALSE
	EndGlobalSection
EndGlobal
