
Microsoft Visual Studio Solution File, Format Version 12.00
# Visual Studio 14
VisualStudioVersion = 14.0.25420.1
MinimumVisualStudioVersion = 10.0.40219.1
Project("{FAE04EC0-301F-11D3-BF4B-00C04F79EFBC}") = "01. Charity Marathon", "01. Charity Marathon\01. Charity Marathon.csproj", "{9D44632C-47A6-49C2-9E5A-B1E8F2AC7ACF}"
EndProject
Project("{FAE04EC0-301F-11D3-BF4B-00C04F79EFBC}") = "02. Ladybugs", "02. Ladybugs\02. Ladybugs.csproj", "{088BA405-59ED-410D-8A0C-EE6D5B64C953}"
EndProject
Global
	GlobalSection(SolutionConfigurationPlatforms) = preSolution
		Debug|Any CPU = Debug|Any CPU
		Release|Any CPU = Release|Any CPU
	EndGlobalSection
	GlobalSection(ProjectConfigurationPlatforms) = postSolution
		{9D44632C-47A6-49C2-9E5A-B1E8F2AC7ACF}.Debug|Any CPU.ActiveCfg = Debug|Any CPU
		{9D44632C-47A6-49C2-9E5A-B1E8F2AC7ACF}.Debug|Any CPU.Build.0 = Debug|Any CPU
		{9D44632C-47A6-49C2-9E5A-B1E8F2AC7ACF}.Release|Any CPU.ActiveCfg = Release|Any CPU
		{9D44632C-47A6-49C2-9E5A-B1E8F2AC7ACF}.Release|Any CPU.Build.0 = Release|Any CPU
		{088BA405-59ED-410D-8A0C-EE6D5B64C953}.Debug|Any CPU.ActiveCfg = Debug|Any CPU
		{088BA405-59ED-410D-8A0C-EE6D5B64C953}.Debug|Any CPU.Build.0 = Debug|Any CPU
		{088BA405-59ED-410D-8A0C-EE6D5B64C953}.Release|Any CPU.ActiveCfg = Release|Any CPU
		{088BA405-59ED-410D-8A0C-EE6D5B64C953}.Release|Any CPU.Build.0 = Release|Any CPU
	EndGlobalSection
	GlobalSection(SolutionProperties) = preSolution
		HideSolutionNode = FALSE
	EndGlobalSection
EndGlobal
